// !$*UTF8*$!
{
	archiveVersion = 1;
	classes = {
	};
	objectVersion = 56;
	objects = {

/* Begin PBXBuildFile section */
		922A52022BA71C060055DE0C /* MulticastListener.c in Sources */ = {isa = PBXBuildFile; fileRef = 922A52012BA71C060055DE0C /* MulticastListener.c */; };
		926C06FC2B95E28C006F661B /* main.c in Sources */ = {isa = PBXBuildFile; fileRef = 926C06FB2B95E28C006F661B /* main.c */; };
		926C07042B95E3FD006F661B /* ServerConfiguration.c in Sources */ = {isa = PBXBuildFile; fileRef = 926C07032B95E3FD006F661B /* ServerConfiguration.c */; };
		926C07082B9625EF006F661B /* Server.c in Sources */ = {isa = PBXBuildFile; fileRef = 926C07072B9625EF006F661B /* Server.c */; };
		926C07142B96D22C006F661B /* main.c in Sources */ = {isa = PBXBuildFile; fileRef = 926C07132B96D22C006F661B /* main.c */; };
		926C071D2B98D7F4006F661B /* NetworkInterface.c in Sources */ = {isa = PBXBuildFile; fileRef = 926C071C2B98D7F4006F661B /* NetworkInterface.c */; };
/* End PBXBuildFile section */

/* Begin PBXCopyFilesBuildPhase section */
		926C06F62B95E28C006F661B /* CopyFiles */ = {
			isa = PBXCopyFilesBuildPhase;
			buildActionMask = 2147483647;
			dstPath = /usr/share/man/man1/;
			dstSubfolderSpec = 0;
			files = (
			);
			runOnlyForDeploymentPostprocessing = 1;
		};
		926C070F2B96D22C006F661B /* CopyFiles */ = {
			isa = PBXCopyFilesBuildPhase;
			buildActionMask = 2147483647;
			dstPath = /usr/share/man/man1/;
			dstSubfolderSpec = 0;
			files = (
			);
			runOnlyForDeploymentPostprocessing = 1;
		};
/* End PBXCopyFilesBuildPhase section */

/* Begin PBXFileReference section */
		922A52002BA71C060055DE0C /* MulticastListener.h */ = {isa = PBXFileReference; lastKnownFileType = sourcecode.c.h; path = MulticastListener.h; sourceTree = "<group>"; };
		922A52012BA71C060055DE0C /* MulticastListener.c */ = {isa = PBXFileReference; lastKnownFileType = sourcecode.c.c; path = MulticastListener.c; sourceTree = "<group>"; };
		922A52062BAA9F890055DE0C /* Logger.h */ = {isa = PBXFileReference; lastKnownFileType = sourcecode.c.h; path = Logger.h; sourceTree = "<group>"; };
		926C06F82B95E28C006F661B /* mcastserver */ = {isa = PBXFileReference; explicitFileType = "compiled.mach-o.executable"; includeInIndex = 0; path = mcastserver; sourceTree = BUILT_PRODUCTS_DIR; };
		926C06FB2B95E28C006F661B /* main.c */ = {isa = PBXFileReference; lastKnownFileType = sourcecode.c.c; path = main.c; sourceTree = "<group>"; };
		926C07022B95E3FD006F661B /* ServerConfiguration.h */ = {isa = PBXFileReference; lastKnownFileType = sourcecode.c.h; path = ServerConfiguration.h; sourceTree = "<group>"; };
		926C07032B95E3FD006F661B /* ServerConfiguration.c */ = {isa = PBXFileReference; lastKnownFileType = sourcecode.c.c; path = ServerConfiguration.c; sourceTree = "<group>"; };
		926C07062B9625EF006F661B /* Server.h */ = {isa = PBXFileReference; lastKnownFileType = sourcecode.c.h; path = Server.h; sourceTree = "<group>"; };
		926C07072B9625EF006F661B /* Server.c */ = {isa = PBXFileReference; lastKnownFileType = sourcecode.c.c; path = Server.c; sourceTree = "<group>"; };
		926C07112B96D22C006F661B /* mcastclient */ = {isa = PBXFileReference; explicitFileType = "compiled.mach-o.executable"; includeInIndex = 0; path = mcastclient; sourceTree = BUILT_PRODUCTS_DIR; };
		926C07132B96D22C006F661B /* main.c */ = {isa = PBXFileReference; lastKnownFileType = sourcecode.c.c; path = main.c; sourceTree = "<group>"; };
		926C07182B96DC7A006F661B /* CMakeLists.txt */ = {isa = PBXFileReference; fileEncoding = 4; lastKnownFileType = text; path = CMakeLists.txt; sourceTree = "<group>"; };
		926C07192B96DCA5006F661B /* CMakeLists.txt */ = {isa = PBXFileReference; fileEncoding = 4; lastKnownFileType = text; path = CMakeLists.txt; sourceTree = "<group>"; };
		926C071A2B96EEB0006F661B /* README.md */ = {isa = PBXFileReference; fileEncoding = 4; lastKnownFileType = net.daringfireball.markdown; path = README.md; sourceTree = "<group>"; };
		926C071B2B98D7F4006F661B /* NetworkInterface.h */ = {isa = PBXFileReference; lastKnownFileType = sourcecode.c.h; path = NetworkInterface.h; sourceTree = "<group>"; };
		926C071C2B98D7F4006F661B /* NetworkInterface.c */ = {isa = PBXFileReference; lastKnownFileType = sourcecode.c.c; path = NetworkInterface.c; sourceTree = "<group>"; };
/* End PBXFileReference section */

/* Begin PBXFrameworksBuildPhase section */
		926C06F52B95E28C006F661B /* Frameworks */ = {
			isa = PBXFrameworksBuildPhase;
			buildActionMask = 2147483647;
			files = (
			);
			runOnlyForDeploymentPostprocessing = 0;
		};
		926C070E2B96D22C006F661B /* Frameworks */ = {
			isa = PBXFrameworksBuildPhase;
			buildActionMask = 2147483647;
			files = (
			);
			runOnlyForDeploymentPostprocessing = 0;
		};
/* End PBXFrameworksBuildPhase section */

/* Begin PBXGroup section */
		926C06EF2B95E28C006F661B = {
			isa = PBXGroup;
			children = (
				926C071A2B96EEB0006F661B /* README.md */,
				926C06FA2B95E28C006F661B /* mcastserver */,
				926C07122B96D22C006F661B /* mcastclient */,
				926C06F92B95E28C006F661B /* Products */,
			);
			sourceTree = "<group>";
		};
		926C06F92B95E28C006F661B /* Products */ = {
			isa = PBXGroup;
			children = (
				926C06F82B95E28C006F661B /* mcastserver */,
				926C07112B96D22C006F661B /* mcastclient */,
			);
			name = Products;
			sourceTree = "<group>";
		};
		926C06FA2B95E28C006F661B /* mcastserver */ = {
			isa = PBXGroup;
			children = (
				926C07182B96DC7A006F661B /* CMakeLists.txt */,
				926C07052B960BB8006F661B /* Headers */,
				926C06FB2B95E28C006F661B /* main.c */,
				926C07032B95E3FD006F661B /* ServerConfiguration.c */,
				926C07072B9625EF006F661B /* Server.c */,
				926C071C2B98D7F4006F661B /* NetworkInterface.c */,
				922A52012BA71C060055DE0C /* MulticastListener.c */,
			);
			path = mcastserver;
			sourceTree = "<group>";
		};
		926C07052B960BB8006F661B /* Headers */ = {
			isa = PBXGroup;
			children = (
				926C071B2B98D7F4006F661B /* NetworkInterface.h */,
				922A52002BA71C060055DE0C /* MulticastListener.h */,
				926C07062B9625EF006F661B /* Server.h */,
				926C07022B95E3FD006F661B /* ServerConfiguration.h */,
				922A52062BAA9F890055DE0C /* Logger.h */,
			);
			path = Headers;
			sourceTree = "<group>";
		};
		926C07122B96D22C006F661B /* mcastclient */ = {
			isa = PBXGroup;
			children = (
				926C07192B96DCA5006F661B /* CMakeLists.txt */,
				926C07132B96D22C006F661B /* main.c */,
			);
			path = mcastclient;
			sourceTree = "<group>";
		};
/* End PBXGroup section */

/* Begin PBXNativeTarget section */
		926C06F72B95E28C006F661B /* mcastserver */ = {
			isa = PBXNativeTarget;
			buildConfigurationList = 926C06FF2B95E28C006F661B /* Build configuration list for PBXNativeTarget "mcastserver" */;
			buildPhases = (
				926C06F42B95E28C006F661B /* Sources */,
				926C06F52B95E28C006F661B /* Frameworks */,
				926C06F62B95E28C006F661B /* CopyFiles */,
			);
			buildRules = (
			);
			dependencies = (
			);
			name = mcastserver;
			productName = mcastserver;
			productReference = 926C06F82B95E28C006F661B /* mcastserver */;
			productType = "com.apple.product-type.tool";
		};
		926C07102B96D22C006F661B /* mcastclient */ = {
			isa = PBXNativeTarget;
			buildConfigurationList = 926C07152B96D22C006F661B /* Build configuration list for PBXNativeTarget "mcastclient" */;
			buildPhases = (
				926C070D2B96D22C006F661B /* Sources */,
				926C070E2B96D22C006F661B /* Frameworks */,
				926C070F2B96D22C006F661B /* CopyFiles */,
			);
			buildRules = (
			);
			dependencies = (
			);
			name = mcastclient;
			productName = mcastclient;
			productReference = 926C07112B96D22C006F661B /* mcastclient */;
			productType = "com.apple.product-type.tool";
		};
/* End PBXNativeTarget section */

/* Begin PBXProject section */
		926C06F02B95E28C006F661B /* Project object */ = {
			isa = PBXProject;
			attributes = {
				BuildIndependentTargetsInParallel = 1;
				LastUpgradeCheck = 1530;
				TargetAttributes = {
					926C06F72B95E28C006F661B = {
						CreatedOnToolsVersion = 15.0.1;
					};
					926C07102B96D22C006F661B = {
						CreatedOnToolsVersion = 15.0.1;
					};
				};
			};
			buildConfigurationList = 926C06F32B95E28C006F661B /* Build configuration list for PBXProject "mcastserver" */;
			compatibilityVersion = "Xcode 14.0";
			developmentRegion = en;
			hasScannedForEncodings = 0;
			knownRegions = (
				en,
				Base,
			);
			mainGroup = 926C06EF2B95E28C006F661B;
			productRefGroup = 926C06F92B95E28C006F661B /* Products */;
			projectDirPath = "";
			projectRoot = "";
			targets = (
				926C06F72B95E28C006F661B /* mcastserver */,
				926C07102B96D22C006F661B /* mcastclient */,
			);
		};
/* End PBXProject section */

/* Begin PBXSourcesBuildPhase section */
		926C06F42B95E28C006F661B /* Sources */ = {
			isa = PBXSourcesBuildPhase;
			buildActionMask = 2147483647;
			files = (
				922A52022BA71C060055DE0C /* MulticastListener.c in Sources */,
				926C06FC2B95E28C006F661B /* main.c in Sources */,
				926C07042B95E3FD006F661B /* ServerConfiguration.c in Sources */,
				926C071D2B98D7F4006F661B /* NetworkInterface.c in Sources */,
				926C07082B9625EF006F661B /* Server.c in Sources */,
			);
			runOnlyForDeploymentPostprocessing = 0;
		};
		926C070D2B96D22C006F661B /* Sources */ = {
			isa = PBXSourcesBuildPhase;
			buildActionMask = 2147483647;
			files = (
				926C07142B96D22C006F661B /* main.c in Sources */,
			);
			runOnlyForDeploymentPostprocessing = 0;
		};
/* End PBXSourcesBuildPhase section */

/* Begin XCBuildConfiguration section */
		926C06FD2B95E28C006F661B /* Debug */ = {
			isa = XCBuildConfiguration;
			buildSettings = {
				ALWAYS_SEARCH_USER_PATHS = NO;
				ASSETCATALOG_COMPILER_GENERATE_SWIFT_ASSET_SYMBOL_EXTENSIONS = YES;
				CLANG_ANALYZER_NONNULL = YES;
				CLANG_ANALYZER_NUMBER_OBJECT_CONVERSION = YES_AGGRESSIVE;
				CLANG_CXX_LANGUAGE_STANDARD = "gnu++20";
				CLANG_ENABLE_MODULES = YES;
				CLANG_ENABLE_OBJC_ARC = YES;
				CLANG_ENABLE_OBJC_WEAK = YES;
				CLANG_WARN_BLOCK_CAPTURE_AUTORELEASING = YES;
				CLANG_WARN_BOOL_CONVERSION = YES;
				CLANG_WARN_COMMA = YES;
				CLANG_WARN_CONSTANT_CONVERSION = YES;
				CLANG_WARN_DEPRECATED_OBJC_IMPLEMENTATIONS = YES;
				CLANG_WARN_DIRECT_OBJC_ISA_USAGE = YES_ERROR;
				CLANG_WARN_DOCUMENTATION_COMMENTS = YES;
				CLANG_WARN_EMPTY_BODY = YES;
				CLANG_WARN_ENUM_CONVERSION = YES;
				CLANG_WARN_INFINITE_RECURSION = YES;
				CLANG_WARN_INT_CONVERSION = YES;
				CLANG_WARN_NON_LITERAL_NULL_CONVERSION = YES;
				CLANG_WARN_OBJC_IMPLICIT_RETAIN_SELF = YES;
				CLANG_WARN_OBJC_LITERAL_CONVERSION = YES;
				CLANG_WARN_OBJC_ROOT_CLASS = YES_ERROR;
				CLANG_WARN_QUOTED_INCLUDE_IN_FRAMEWORK_HEADER = YES;
				CLANG_WARN_RANGE_LOOP_ANALYSIS = YES;
				CLANG_WARN_STRICT_PROTOTYPES = YES;
				CLANG_WARN_SUSPICIOUS_MOVE = YES;
				CLANG_WARN_UNGUARDED_AVAILABILITY = YES_AGGRESSIVE;
				CLANG_WARN_UNREACHABLE_CODE = YES;
				CLANG_WARN__DUPLICATE_METHOD_MATCH = YES;
				COPY_PHASE_STRIP = NO;
				DEAD_CODE_STRIPPING = YES;
				DEBUG_INFORMATION_FORMAT = dwarf;
				ENABLE_STRICT_OBJC_MSGSEND = YES;
				ENABLE_TESTABILITY = YES;
				ENABLE_USER_SCRIPT_SANDBOXING = YES;
				GCC_C_LANGUAGE_STANDARD = gnu17;
				GCC_DYNAMIC_NO_PIC = NO;
				GCC_NO_COMMON_BLOCKS = YES;
				GCC_OPTIMIZATION_LEVEL = 0;
				GCC_PREPROCESSOR_DEFINITIONS = (
					"DEBUG=1",
					"$(inherited)",
				);
				GCC_WARN_64_TO_32_BIT_CONVERSION = YES;
				GCC_WARN_ABOUT_RETURN_TYPE = YES_ERROR;
				GCC_WARN_UNDECLARED_SELECTOR = YES;
				GCC_WARN_UNINITIALIZED_AUTOS = YES_AGGRESSIVE;
				GCC_WARN_UNUSED_FUNCTION = YES;
				GCC_WARN_UNUSED_VARIABLE = YES;
				LOCALIZATION_PREFERS_STRING_CATALOGS = YES;
				MACOSX_DEPLOYMENT_TARGET = 14.0;
				MTL_ENABLE_DEBUG_INFO = INCLUDE_SOURCE;
				MTL_FAST_MATH = YES;
				ONLY_ACTIVE_ARCH = YES;
				SDKROOT = macosx;
			};
			name = Debug;
		};
		926C06FE2B95E28C006F661B /* Release */ = {
			isa = XCBuildConfiguration;
			buildSettings = {
				ALWAYS_SEARCH_USER_PATHS = NO;
				ASSETCATALOG_COMPILER_GENERATE_SWIFT_ASSET_SYMBOL_EXTENSIONS = YES;
				CLANG_ANALYZER_NONNULL = YES;
				CLANG_ANALYZER_NUMBER_OBJECT_CONVERSION = YES_AGGRESSIVE;
				CLANG_CXX_LANGUAGE_STANDARD = "gnu++20";
				CLANG_ENABLE_MODULES = YES;
				CLANG_ENABLE_OBJC_ARC = YES;
				CLANG_ENABLE_OBJC_WEAK = YES;
				CLANG_WARN_BLOCK_CAPTURE_AUTORELEASING = YES;
				CLANG_WARN_BOOL_CONVERSION = YES;
				CLANG_WARN_COMMA = YES;
				CLANG_WARN_CONSTANT_CONVERSION = YES;
				CLANG_WARN_DEPRECATED_OBJC_IMPLEMENTATIONS = YES;
				CLANG_WARN_DIRECT_OBJC_ISA_USAGE = YES_ERROR;
				CLANG_WARN_DOCUMENTATION_COMMENTS = YES;
				CLANG_WARN_EMPTY_BODY = YES;
				CLANG_WARN_ENUM_CONVERSION = YES;
				CLANG_WARN_INFINITE_RECURSION = YES;
				CLANG_WARN_INT_CONVERSION = YES;
				CLANG_WARN_NON_LITERAL_NULL_CONVERSION = YES;
				CLANG_WARN_OBJC_IMPLICIT_RETAIN_SELF = YES;
				CLANG_WARN_OBJC_LITERAL_CONVERSION = YES;
				CLANG_WARN_OBJC_ROOT_CLASS = YES_ERROR;
				CLANG_WARN_QUOTED_INCLUDE_IN_FRAMEWORK_HEADER = YES;
				CLANG_WARN_RANGE_LOOP_ANALYSIS = YES;
				CLANG_WARN_STRICT_PROTOTYPES = YES;
				CLANG_WARN_SUSPICIOUS_MOVE = YES;
				CLANG_WARN_UNGUARDED_AVAILABILITY = YES_AGGRESSIVE;
				CLANG_WARN_UNREACHABLE_CODE = YES;
				CLANG_WARN__DUPLICATE_METHOD_MATCH = YES;
				COPY_PHASE_STRIP = NO;
				DEAD_CODE_STRIPPING = YES;
				DEBUG_INFORMATION_FORMAT = "dwarf-with-dsym";
				ENABLE_NS_ASSERTIONS = NO;
				ENABLE_STRICT_OBJC_MSGSEND = YES;
				ENABLE_USER_SCRIPT_SANDBOXING = YES;
				GCC_C_LANGUAGE_STANDARD = gnu17;
				GCC_NO_COMMON_BLOCKS = YES;
				GCC_WARN_64_TO_32_BIT_CONVERSION = YES;
				GCC_WARN_ABOUT_RETURN_TYPE = YES_ERROR;
				GCC_WARN_UNDECLARED_SELECTOR = YES;
				GCC_WARN_UNINITIALIZED_AUTOS = YES_AGGRESSIVE;
				GCC_WARN_UNUSED_FUNCTION = YES;
				GCC_WARN_UNUSED_VARIABLE = YES;
				LOCALIZATION_PREFERS_STRING_CATALOGS = YES;
				MACOSX_DEPLOYMENT_TARGET = 14.0;
				MTL_ENABLE_DEBUG_INFO = NO;
				MTL_FAST_MATH = YES;
				SDKROOT = macosx;
			};
			name = Release;
		};
		926C07002B95E28C006F661B /* Debug */ = {
			isa = XCBuildConfiguration;
			buildSettings = {
				CODE_SIGN_STYLE = Automatic;
				DEAD_CODE_STRIPPING = YES;
				DEVELOPMENT_TEAM = SB7H9B6TY8;
				ENABLE_HARDENED_RUNTIME = YES;
				PRODUCT_NAME = "$(TARGET_NAME)";
			};
			name = Debug;
		};
		926C07012B95E28C006F661B /* Release */ = {
			isa = XCBuildConfiguration;
			buildSettings = {
				CODE_SIGN_STYLE = Automatic;
				DEAD_CODE_STRIPPING = YES;
				DEVELOPMENT_TEAM = SB7H9B6TY8;
				ENABLE_HARDENED_RUNTIME = YES;
				PRODUCT_NAME = "$(TARGET_NAME)";
			};
			name = Release;
		};
		926C07162B96D22C006F661B /* Debug */ = {
			isa = XCBuildConfiguration;
			buildSettings = {
				CODE_SIGN_STYLE = Automatic;
				DEAD_CODE_STRIPPING = YES;
				DEVELOPMENT_TEAM = SB7H9B6TY8;
				ENABLE_HARDENED_RUNTIME = YES;
				PRODUCT_NAME = "$(TARGET_NAME)";
			};
			name = Debug;
		};
		926C07172B96D22C006F661B /* Release */ = {
			isa = XCBuildConfiguration;
			buildSettings = {
				CODE_SIGN_STYLE = Automatic;
				DEAD_CODE_STRIPPING = YES;
				DEVELOPMENT_TEAM = SB7H9B6TY8;
				ENABLE_HARDENED_RUNTIME = YES;
				PRODUCT_NAME = "$(TARGET_NAME)";
			};
			name = Release;
		};
/* End XCBuildConfiguration section */

/* Begin XCConfigurationList section */
		926C06F32B95E28C006F661B /* Build configuration list for PBXProject "mcastserver" */ = {
			isa = XCConfigurationList;
			buildConfigurations = (
				926C06FD2B95E28C006F661B /* Debug */,
				926C06FE2B95E28C006F661B /* Release */,
			);
			defaultConfigurationIsVisible = 0;
			defaultConfigurationName = Release;
		};
		926C06FF2B95E28C006F661B /* Build configuration list for PBXNativeTarget "mcastserver" */ = {
			isa = XCConfigurationList;
			buildConfigurations = (
				926C07002B95E28C006F661B /* Debug */,
				926C07012B95E28C006F661B /* Release */,
			);
			defaultConfigurationIsVisible = 0;
			defaultConfigurationName = Release;
		};
		926C07152B96D22C006F661B /* Build configuration list for PBXNativeTarget "mcastclient" */ = {
			isa = XCConfigurationList;
			buildConfigurations = (
				926C07162B96D22C006F661B /* Debug */,
				926C07172B96D22C006F661B /* Release */,
			);
			defaultConfigurationIsVisible = 0;
			defaultConfigurationName = Release;
		};
/* End XCConfigurationList section */
	};
	rootObject = 926C06F02B95E28C006F661B /* Project object */;
}
